
Microsoft Visual Studio Solution File, Format Version 12.00
# Visual Studio 15
VisualStudioVersion = 15.0.27703.2035
MinimumVisualStudioVersion = 10.0.40219.1
Project("{FAE04EC0-301F-11D3-BF4B-00C04F79EFBC}") = "CSharp_Practice", "CSharp_Practice.csproj", "{94398883-E366-4631-8D09-AE9C75A7A5D7}"
EndProject
Global
	GlobalSection(SolutionConfigurationPlatforms) = preSolution
		Debug|Any CPU = Debug|Any CPU
		Release|Any CPU = Release|Any CPU
	EndGlobalSection
	GlobalSection(ProjectConfigurationPlatforms) = postSolution
		{94398883-E366-4631-8D09-AE9C75A7A5D7}.Debug|Any CPU.ActiveCfg = Debug|Any CPU
		{94398883-E366-4631-8D09-AE9C75A7A5D7}.Debug|Any CPU.Build.0 = Debug|Any CPU
		{94398883-E366-4631-8D09-AE9C75A7A5D7}.Release|Any CPU.ActiveCfg = Release|Any CPU
		{94398883-E366-4631-8D09-AE9C75A7A5D7}.Release|Any CPU.Build.0 = Release|Any CPU
	EndGlobalSection
	GlobalSection(SolutionProperties) = preSolution
		HideSolutionNode = FALSE
	EndGlobalSection
	GlobalSection(ExtensibilityGlobals) = postSolution
		SolutionGuid = {255D501B-4A69-42A8-8589-102D7498173D}
	EndGlobalSection
EndGlobal
